# THIS IS AN AUTOGENERATED FILE. DO NOT EDIT THIS FILE DIRECTLY.
# yarn lockfile v1


"@types/crypto-js@^4.2.2":
  version "4.2.2"
  resolved "https://registry.yarnpkg.com/@types/crypto-js/-/crypto-js-4.2.2.tgz#771c4a768d94eb5922cc202a3009558204df0cea"
  integrity sha512-sDOLlVbHhXpAUAL0YHDUUwDZf3iN4Bwi4W6a0W0b+QcAezUbRtH4FVb+9J4h+XFPW7l/gQ9F8qC7P+Ec4k8QVQ==

"@types/node@^22.14.1":
  version "22.14.1"
  resolved "https://registry.yarnpkg.com/@types/node/-/node-22.14.1.tgz#53b54585cec81c21eee3697521e31312d6ca1e6f"
  integrity sha512-u0HuPQwe/dHrItgHHpmw3N2fYCR6x4ivMNbPHRkBVP4CvN+kiRrKHWk3i8tXiO/joPwXLMYvF9TTF0eqgHIuOw==
  dependencies:
    undici-types "~6.21.0"

"@types/react@^19.1.1":
  version "19.1.1"
  resolved "https://registry.yarnpkg.com/@types/react/-/react-19.1.1.tgz#f7f2bb4a0a8d22b9ee4b8f6e27f0c78d76eb7f9b"
  integrity sha512-ePapxDL7qrgqSF67s0h9m412d9DbXyC1n59O2st+9rjuuamWsZuD2w55rqY12CbzsZ7uVXb5Nw0gEp9Z8MMutQ==
  dependencies:
    csstype "^3.0.2"

crypto-js@^4.2.0:
  version "4.2.0"
  resolved "https://registry.yarnpkg.com/crypto-js/-/crypto-js-4.2.0.tgz#4d931639ecdfd12ff80e8186dba6af2c2e856631"
  integrity sha512-KALDyEYgpY+Rlob/iriUtjV6d5Eq+Y191A5g4UqLAi8CyGP9N1+FdVbkc1SxKc2r4YAYqG8JzO2KGL+AizD70Q==

csstype@^3.0.2:
  version "3.1.3"
  resolved "https://registry.yarnpkg.com/csstype/-/csstype-3.1.3.tgz#d80ff294d114fb0e6ac500fbf85b60137d7eff81"
  integrity sha512-M1uQkMl8rQK/szD0LNhtqxIPLpimGm8sOBwU7lLnCpSbTyY3yeU1Vc7l4KT5zT4s/yOxHH5O7tIuuLOCnLADRw==

jose@^6.0.10:
  version "6.0.10"
  resolved "https://registry.yarnpkg.com/jose/-/jose-6.0.10.tgz#52d96e1a671b4c02e13b71e0d35abea2e774712b"
  integrity sha512-skIAxZqcMkOrSwjJvplIPYrlXGpxTPnro2/QWTDCxAdWQrSTV5/KqspMWmi5WAx5+ULswASJiZ0a+1B/Lxt9cw==

jssha@^3.3.1:
  version "3.3.1"
  resolved "https://registry.yarnpkg.com/jssha/-/jssha-3.3.1.tgz#c5b7fc7fb9aa745461923b87df0e247dd59c7ea8"
  integrity sha512-VCMZj12FCFMQYcFLPRm/0lOBbLi8uM2BhXPTqw3U4YAfs4AZfiApOoBLoN8cQE60Z50m1MYMTQVCfgF/KaCVhQ==

react@^19.1.0:
  version "19.1.0"
  resolved "https://registry.yarnpkg.com/react/-/react-19.1.0.tgz#926864b6c48da7627f004795d6cce50e90793b75"
  integrity sha512-FS+XFBNvn3GTAWq26joslQgWNoFu08F4kl0J4CgdNKADkdSGXQyTCnKteIAJy96Br6YbpEU1LSzV5dYtjMkMDg==

totp-generator@^1.0.0:
  version "1.0.0"
  resolved "https://registry.yarnpkg.com/totp-generator/-/totp-generator-1.0.0.tgz#00a3532dbece7a08950a6318c1317bff3b609510"
  integrity sha512-Iu/1Lk60/MH8FE+5cDWPiGbwKK1hxzSq+KT9oSqhZ1BEczGIKGcN50bP0WMLiIZKRg7t29iWLxw6f81TICQdoA==
  dependencies:
    jssha "^3.3.1"

undici-types@~6.21.0:
  version "6.21.0"
  resolved "https://registry.yarnpkg.com/undici-types/-/undici-types-6.21.0.tgz#691d00af3909be93a7faa13be61b3a5b50ef12cb"
  integrity sha512-iwDZqg0QAGrg9Rav5H4n0M64c3mkR59cJ6wQp+7C4nI0gsmExaedaYLNO44eT4AtBBwjbTiGPMlt2Md0T9H9JQ==
